// !$*UTF8*$!
{
	archiveVersion = 1;
	classes = {
	};
	objectVersion = 46;
	objects = {

/* Begin PBXBuildFile section */
		7408E75C1A528BFD00883419 /* AppDelegate.swift in Sources */ = {isa = PBXBuildFile; fileRef = 7408E75B1A528BFD00883419 /* AppDelegate.swift */; };
		7408E75E1A528BFD00883419 /* ViewController.swift in Sources */ = {isa = PBXBuildFile; fileRef = 7408E75D1A528BFD00883419 /* ViewController.swift */; };
		7408E7611A528BFD00883419 /* Main.storyboard in Resources */ = {isa = PBXBuildFile; fileRef = 7408E75F1A528BFD00883419 /* Main.storyboard */; };
		7408E7631A528BFD00883419 /* Images.xcassets in Resources */ = {isa = PBXBuildFile; fileRef = 7408E7621A528BFD00883419 /* Images.xcassets */; };
		7408E7661A528BFD00883419 /* LaunchScreen.xib in Resources */ = {isa = PBXBuildFile; fileRef = 7408E7641A528BFD00883419 /* LaunchScreen.xib */; };
		7408E7721A528BFD00883419 /* countTests.swift in Sources */ = {isa = PBXBuildFile; fileRef = 7408E7711A528BFD00883419 /* countTests.swift */; };
		74F5AC6A1A53ADDA00519C58 /* 12.jpeg in Resources */ = {isa = PBXBuildFile; fileRef = 74F5AC5D1A53ADDA00519C58 /* 12.jpeg */; };
		74F5AC6B1A53ADDA00519C58 /* 9.jpeg in Resources */ = {isa = PBXBuildFile; fileRef = 74F5AC5E1A53ADDA00519C58 /* 9.jpeg */; };
		74F5AC6C1A53ADDA00519C58 /* 11.jpeg in Resources */ = {isa = PBXBuildFile; fileRef = 74F5AC5F1A53ADDA00519C58 /* 11.jpeg */; };
		74F5AC6D1A53ADDA00519C58 /* 10.jpeg in Resources */ = {isa = PBXBuildFile; fileRef = 74F5AC601A53ADDA00519C58 /* 10.jpeg */; };
		74F5AC6E1A53ADDA00519C58 /* 8.jpeg in Resources */ = {isa = PBXBuildFile; fileRef = 74F5AC611A53ADDA00519C58 /* 8.jpeg */; };
		74F5AC6F1A53ADDA00519C58 /* omedeto.jpeg in Resources */ = {isa = PBXBuildFile; fileRef = 74F5AC621A53ADDA00519C58 /* omedeto.jpeg */; };
		74F5AC701A53ADDA00519C58 /* 7.jpeg in Resources */ = {isa = PBXBuildFile; fileRef = 74F5AC631A53ADDA00519C58 /* 7.jpeg */; };
		74F5AC711A53ADDA00519C58 /* 6.jpeg in Resources */ = {isa = PBXBuildFile; fileRef = 74F5AC641A53ADDA00519C58 /* 6.jpeg */; };
		74F5AC721A53ADDA00519C58 /* 5.jpeg in Resources */ = {isa = PBXBuildFile; fileRef = 74F5AC651A53ADDA00519C58 /* 5.jpeg */; };
		74F5AC731A53ADDA00519C58 /* 4.jpeg in Resources */ = {isa = PBXBuildFile; fileRef = 74F5AC661A53ADDA00519C58 /* 4.jpeg */; };
		74F5AC741A53ADDA00519C58 /* 3.jpeg in Resources */ = {isa = PBXBuildFile; fileRef = 74F5AC671A53ADDA00519C58 /* 3.jpeg */; };
		74F5AC751A53ADDA00519C58 /* 2.jpeg in Resources */ = {isa = PBXBuildFile; fileRef = 74F5AC681A53ADDA00519C58 /* 2.jpeg */; };
		74F5AC761A53ADDA00519C58 /* 1.jpeg in Resources */ = {isa = PBXBuildFile; fileRef = 74F5AC691A53ADDA00519C58 /* 1.jpeg */; };
		74F5AC781A53AE3700519C58 /* NextViewController.swift in Sources */ = {isa = PBXBuildFile; fileRef = 74F5AC771A53AE3700519C58 /* NextViewController.swift */; };
		74F5AC8F1A53B2FA00519C58 /* 34.jpeg in Resources */ = {isa = PBXBuildFile; fileRef = 74F5AC791A53B2FA00519C58 /* 34.jpeg */; };
		74F5AC901A53B2FA00519C58 /* 33.jpeg in Resources */ = {isa = PBXBuildFile; fileRef = 74F5AC7A1A53B2FA00519C58 /* 33.jpeg */; };
		74F5AC911A53B2FA00519C58 /* 32.jpeg in Resources */ = {isa = PBXBuildFile; fileRef = 74F5AC7B1A53B2FA00519C58 /* 32.jpeg */; };
		74F5AC921A53B2FA00519C58 /* 31.jpeg in Resources */ = {isa = PBXBuildFile; fileRef = 74F5AC7C1A53B2FA00519C58 /* 31.jpeg */; };
		74F5AC931A53B2FA00519C58 /* 30.jpeg in Resources */ = {isa = PBXBuildFile; fileRef = 74F5AC7D1A53B2FA00519C58 /* 30.jpeg */; };
		74F5AC941A53B2FA00519C58 /* 29.jpeg in Resources */ = {isa = PBXBuildFile; fileRef = 74F5AC7E1A53B2FA00519C58 /* 29.jpeg */; };
		74F5AC951A53B2FA00519C58 /* 28.jpeg in Resources */ = {isa = PBXBuildFile; fileRef = 74F5AC7F1A53B2FA00519C58 /* 28.jpeg */; };
		74F5AC961A53B2FA00519C58 /* 27.jpeg in Resources */ = {isa = PBXBuildFile; fileRef = 74F5AC801A53B2FA00519C58 /* 27.jpeg */; };
		74F5AC971A53B2FA00519C58 /* 26.jpeg in Resources */ = {isa = PBXBuildFile; fileRef = 74F5AC811A53B2FA00519C58 /* 26.jpeg */; };
		74F5AC981A53B2FA00519C58 /* 25.jpeg in Resources */ = {isa = PBXBuildFile; fileRef = 74F5AC821A53B2FA00519C58 /* 25.jpeg */; };
		74F5AC991A53B2FA00519C58 /* 24.jpeg in Resources */ = {isa = PBXBuildFile; fileRef = 74F5AC831A53B2FA00519C58 /* 24.jpeg */; };
		74F5AC9A1A53B2FA00519C58 /* 23.jpeg in Resources */ = {isa = PBXBuildFile; fileRef = 74F5AC841A53B2FA00519C58 /* 23.jpeg */; };
		74F5AC9B1A53B2FA00519C58 /* 22.jpeg in Resources */ = {isa = PBXBuildFile; fileRef = 74F5AC851A53B2FA00519C58 /* 22.jpeg */; };
		74F5AC9C1A53B2FA00519C58 /* 21.jpeg in Resources */ = {isa = PBXBuildFile; fileRef = 74F5AC861A53B2FA00519C58 /* 21.jpeg */; };
		74F5AC9D1A53B2FA00519C58 /* 20.jpeg in Resources */ = {isa = PBXBuildFile; fileRef = 74F5AC871A53B2FA00519C58 /* 20.jpeg */; };
		74F5AC9E1A53B2FA00519C58 /* 19.jpeg in Resources */ = {isa = PBXBuildFile; fileRef = 74F5AC881A53B2FA00519C58 /* 19.jpeg */; };
		74F5AC9F1A53B2FA00519C58 /* 18.jpeg in Resources */ = {isa = PBXBuildFile; fileRef = 74F5AC891A53B2FA00519C58 /* 18.jpeg */; };
		74F5ACA01A53B2FA00519C58 /* 17.jpeg in Resources */ = {isa = PBXBuildFile; fileRef = 74F5AC8A1A53B2FA00519C58 /* 17.jpeg */; };
		74F5ACA11A53B2FA00519C58 /* 16.jpeg in Resources */ = {isa = PBXBuildFile; fileRef = 74F5AC8B1A53B2FA00519C58 /* 16.jpeg */; };
		74F5ACA21A53B2FA00519C58 /* 15.jpeg in Resources */ = {isa = PBXBuildFile; fileRef = 74F5AC8C1A53B2FA00519C58 /* 15.jpeg */; };
		74F5ACA31A53B2FA00519C58 /* 14.jpeg in Resources */ = {isa = PBXBuildFile; fileRef = 74F5AC8D1A53B2FA00519C58 /* 14.jpeg */; };
		74F5ACA41A53B2FA00519C58 /* 13.jpeg in Resources */ = {isa = PBXBuildFile; fileRef = 74F5AC8E1A53B2FA00519C58 /* 13.jpeg */; };
		74F5ACA71A53B8D100519C58 /* music.mp3 in Resources */ = {isa = PBXBuildFile; fileRef = 74F5ACA61A53B8D100519C58 /* music.mp3 */; };
		74F5ACA91A5411E500519C58 /* toshikoshi.jpeg in Resources */ = {isa = PBXBuildFile; fileRef = 74F5ACA81A5411E500519C58 /* toshikoshi.jpeg */; };
		74F5ACAB1A5412B300519C58 /* soba.jpeg in Resources */ = {isa = PBXBuildFile; fileRef = 74F5ACAA1A5412B300519C58 /* soba.jpeg */; };
/* End PBXBuildFile section */

/* Begin PBXContainerItemProxy section */
		7408E76C1A528BFD00883419 /* PBXContainerItemProxy */ = {
			isa = PBXContainerItemProxy;
			containerPortal = 7408E74E1A528BFD00883419 /* Project object */;
			proxyType = 1;
			remoteGlobalIDString = 7408E7551A528BFD00883419;
			remoteInfo = count;
		};
/* End PBXContainerItemProxy section */

/* Begin PBXFileReference section */
		7408E7561A528BFD00883419 /* count.app */ = {isa = PBXFileReference; explicitFileType = wrapper.application; includeInIndex = 0; path = count.app; sourceTree = BUILT_PRODUCTS_DIR; };
		7408E75A1A528BFD00883419 /* Info.plist */ = {isa = PBXFileReference; lastKnownFileType = text.plist.xml; path = Info.plist; sourceTree = "<group>"; };
		7408E75B1A528BFD00883419 /* AppDelegate.swift */ = {isa = PBXFileReference; lastKnownFileType = sourcecode.swift; path = AppDelegate.swift; sourceTree = "<group>"; };
		7408E75D1A528BFD00883419 /* ViewController.swift */ = {isa = PBXFileReference; lastKnownFileType = sourcecode.swift; path = ViewController.swift; sourceTree = "<group>"; };
		7408E7601A528BFD00883419 /* Base */ = {isa = PBXFileReference; lastKnownFileType = file.storyboard; name = Base; path = Base.lproj/Main.storyboard; sourceTree = "<group>"; };
		7408E7621A528BFD00883419 /* Images.xcassets */ = {isa = PBXFileReference; lastKnownFileType = folder.assetcatalog; path = Images.xcassets; sourceTree = "<group>"; };
		7408E7651A528BFD00883419 /* Base */ = {isa = PBXFileReference; lastKnownFileType = file.xib; name = Base; path = Base.lproj/LaunchScreen.xib; sourceTree = "<group>"; };
		7408E76B1A528BFD00883419 /* countTests.xctest */ = {isa = PBXFileReference; explicitFileType = wrapper.cfbundle; includeInIndex = 0; path = countTests.xctest; sourceTree = BUILT_PRODUCTS_DIR; };
		7408E7701A528BFD00883419 /* Info.plist */ = {isa = PBXFileReference; lastKnownFileType = text.plist.xml; path = Info.plist; sourceTree = "<group>"; };
		7408E7711A528BFD00883419 /* countTests.swift */ = {isa = PBXFileReference; lastKnownFileType = sourcecode.swift; path = countTests.swift; sourceTree = "<group>"; };
		74F5AC5D1A53ADDA00519C58 /* 12.jpeg */ = {isa = PBXFileReference; lastKnownFileType = image.jpeg; path = 12.jpeg; sourceTree = "<group>"; };
		74F5AC5E1A53ADDA00519C58 /* 9.jpeg */ = {isa = PBXFileReference; lastKnownFileType = image.jpeg; path = 9.jpeg; sourceTree = "<group>"; };
		74F5AC5F1A53ADDA00519C58 /* 11.jpeg */ = {isa = PBXFileReference; lastKnownFileType = image.jpeg; path = 11.jpeg; sourceTree = "<group>"; };
		74F5AC601A53ADDA00519C58 /* 10.jpeg */ = {isa = PBXFileReference; lastKnownFileType = image.jpeg; path = 10.jpeg; sourceTree = "<group>"; };
		74F5AC611A53ADDA00519C58 /* 8.jpeg */ = {isa = PBXFileReference; lastKnownFileType = image.jpeg; path = 8.jpeg; sourceTree = "<group>"; };
		74F5AC621A53ADDA00519C58 /* omedeto.jpeg */ = {isa = PBXFileReference; lastKnownFileType = image.jpeg; path = omedeto.jpeg; sourceTree = "<group>"; };
		74F5AC631A53ADDA00519C58 /* 7.jpeg */ = {isa = PBXFileReference; lastKnownFileType = image.jpeg; path = 7.jpeg; sourceTree = "<group>"; };
		74F5AC641A53ADDA00519C58 /* 6.jpeg */ = {isa = PBXFileReference; lastKnownFileType = image.jpeg; path = 6.jpeg; sourceTree = "<group>"; };
		74F5AC651A53ADDA00519C58 /* 5.jpeg */ = {isa = PBXFileReference; lastKnownFileType = image.jpeg; path = 5.jpeg; sourceTree = "<group>"; };
		74F5AC661A53ADDA00519C58 /* 4.jpeg */ = {isa = PBXFileReference; lastKnownFileType = image.jpeg; path = 4.jpeg; sourceTree = "<group>"; };
		74F5AC671A53ADDA00519C58 /* 3.jpeg */ = {isa = PBXFileReference; lastKnownFileType = image.jpeg; path = 3.jpeg; sourceTree = "<group>"; };
		74F5AC681A53ADDA00519C58 /* 2.jpeg */ = {isa = PBXFileReference; lastKnownFileType = image.jpeg; path = 2.jpeg; sourceTree = "<group>"; };
		74F5AC691A53ADDA00519C58 /* 1.jpeg */ = {isa = PBXFileReference; lastKnownFileType = image.jpeg; path = 1.jpeg; sourceTree = "<group>"; };
		74F5AC771A53AE3700519C58 /* NextViewController.swift */ = {isa = PBXFileReference; fileEncoding = 4; lastKnownFileType = sourcecode.swift; path = NextViewController.swift; sourceTree = "<group>"; };
		74F5AC791A53B2FA00519C58 /* 34.jpeg */ = {isa = PBXFileReference; lastKnownFileType = image.jpeg; path = 34.jpeg; sourceTree = "<group>"; };
		74F5AC7A1A53B2FA00519C58 /* 33.jpeg */ = {isa = PBXFileReference; lastKnownFileType = image.jpeg; path = 33.jpeg; sourceTree = "<group>"; };
		74F5AC7B1A53B2FA00519C58 /* 32.jpeg */ = {isa = PBXFileReference; lastKnownFileType = image.jpeg; path = 32.jpeg; sourceTree = "<group>"; };
		74F5AC7C1A53B2FA00519C58 /* 31.jpeg */ = {isa = PBXFileReference; lastKnownFileType = image.jpeg; path = 31.jpeg; sourceTree = "<group>"; };
		74F5AC7D1A53B2FA00519C58 /* 30.jpeg */ = {isa = PBXFileReference; lastKnownFileType = image.jpeg; path = 30.jpeg; sourceTree = "<group>"; };
		74F5AC7E1A53B2FA00519C58 /* 29.jpeg */ = {isa = PBXFileReference; lastKnownFileType = image.jpeg; path = 29.jpeg; sourceTree = "<group>"; };
		74F5AC7F1A53B2FA00519C58 /* 28.jpeg */ = {isa = PBXFileReference; lastKnownFileType = image.jpeg; path = 28.jpeg; sourceTree = "<group>"; };
		74F5AC801A53B2FA00519C58 /* 27.jpeg */ = {isa = PBXFileReference; lastKnownFileType = image.jpeg; path = 27.jpeg; sourceTree = "<group>"; };
		74F5AC811A53B2FA00519C58 /* 26.jpeg */ = {isa = PBXFileReference; lastKnownFileType = image.jpeg; path = 26.jpeg; sourceTree = "<group>"; };
		74F5AC821A53B2FA00519C58 /* 25.jpeg */ = {isa = PBXFileReference; lastKnownFileType = image.jpeg; path = 25.jpeg; sourceTree = "<group>"; };
		74F5AC831A53B2FA00519C58 /* 24.jpeg */ = {isa = PBXFileReference; lastKnownFileType = image.jpeg; path = 24.jpeg; sourceTree = "<group>"; };
		74F5AC841A53B2FA00519C58 /* 23.jpeg */ = {isa = PBXFileReference; lastKnownFileType = image.jpeg; path = 23.jpeg; sourceTree = "<group>"; };
		74F5AC851A53B2FA00519C58 /* 22.jpeg */ = {isa = PBXFileReference; lastKnownFileType = image.jpeg; path = 22.jpeg; sourceTree = "<group>"; };
		74F5AC861A53B2FA00519C58 /* 21.jpeg */ = {isa = PBXFileReference; lastKnownFileType = image.jpeg; path = 21.jpeg; sourceTree = "<group>"; };
		74F5AC871A53B2FA00519C58 /* 20.jpeg */ = {isa = PBXFileReference; lastKnownFileType = image.jpeg; path = 20.jpeg; sourceTree = "<group>"; };
		74F5AC881A53B2FA00519C58 /* 19.jpeg */ = {isa = PBXFileReference; lastKnownFileType = image.jpeg; path = 19.jpeg; sourceTree = "<group>"; };
		74F5AC891A53B2FA00519C58 /* 18.jpeg */ = {isa = PBXFileReference; lastKnownFileType = image.jpeg; path = 18.jpeg; sourceTree = "<group>"; };
		74F5AC8A1A53B2FA00519C58 /* 17.jpeg */ = {isa = PBXFileReference; lastKnownFileType = image.jpeg; path = 17.jpeg; sourceTree = "<group>"; };
		74F5AC8B1A53B2FA00519C58 /* 16.jpeg */ = {isa = PBXFileReference; lastKnownFileType = image.jpeg; path = 16.jpeg; sourceTree = "<group>"; };
		74F5AC8C1A53B2FA00519C58 /* 15.jpeg */ = {isa = PBXFileReference; lastKnownFileType = image.jpeg; path = 15.jpeg; sourceTree = "<group>"; };
		74F5AC8D1A53B2FA00519C58 /* 14.jpeg */ = {isa = PBXFileReference; lastKnownFileType = image.jpeg; path = 14.jpeg; sourceTree = "<group>"; };
		74F5AC8E1A53B2FA00519C58 /* 13.jpeg */ = {isa = PBXFileReference; lastKnownFileType = image.jpeg; path = 13.jpeg; sourceTree = "<group>"; };
		74F5ACA61A53B8D100519C58 /* music.mp3 */ = {isa = PBXFileReference; lastKnownFileType = audio.mp3; path = music.mp3; sourceTree = "<group>"; };
		74F5ACA81A5411E500519C58 /* toshikoshi.jpeg */ = {isa = PBXFileReference; lastKnownFileType = image.jpeg; path = toshikoshi.jpeg; sourceTree = "<group>"; };
		74F5ACAA1A5412B300519C58 /* soba.jpeg */ = {isa = PBXFileReference; lastKnownFileType = image.jpeg; path = soba.jpeg; sourceTree = "<group>"; };
/* End PBXFileReference section */

/* Begin PBXFrameworksBuildPhase section */
		7408E7531A528BFD00883419 /* Frameworks */ = {
			isa = PBXFrameworksBuildPhase;
			buildActionMask = 2147483647;
			files = (
			);
			runOnlyForDeploymentPostprocessing = 0;
		};
		7408E7681A528BFD00883419 /* Frameworks */ = {
			isa = PBXFrameworksBuildPhase;
			buildActionMask = 2147483647;
			files = (
			);
			runOnlyForDeploymentPostprocessing = 0;
		};
/* End PBXFrameworksBuildPhase section */

/* Begin PBXGroup section */
		7408E74D1A528BFD00883419 = {
			isa = PBXGroup;
			children = (
				7408E7581A528BFD00883419 /* count */,
				7408E76E1A528BFD00883419 /* countTests */,
				7408E7571A528BFD00883419 /* Products */,
			);
			sourceTree = "<group>";
		};
		7408E7571A528BFD00883419 /* Products */ = {
			isa = PBXGroup;
			children = (
				7408E7561A528BFD00883419 /* count.app */,
				7408E76B1A528BFD00883419 /* countTests.xctest */,
			);
			name = Products;
			sourceTree = "<group>";
		};
		7408E7581A528BFD00883419 /* count */ = {
			isa = PBXGroup;
			children = (
				7408E75B1A528BFD00883419 /* AppDelegate.swift */,
				7408E75D1A528BFD00883419 /* ViewController.swift */,
				7408E75F1A528BFD00883419 /* Main.storyboard */,
				74F5AC771A53AE3700519C58 /* NextViewController.swift */,
				7408E7621A528BFD00883419 /* Images.xcassets */,
				7408E7641A528BFD00883419 /* LaunchScreen.xib */,
				7408E7591A528BFD00883419 /* Supporting Files */,
			);
			path = count;
			sourceTree = "<group>";
		};
		7408E7591A528BFD00883419 /* Supporting Files */ = {
			isa = PBXGroup;
			children = (
				74F5ACAA1A5412B300519C58 /* soba.jpeg */,
				74F5ACA81A5411E500519C58 /* toshikoshi.jpeg */,
				74F5AC5D1A53ADDA00519C58 /* 12.jpeg */,
				74F5AC5E1A53ADDA00519C58 /* 9.jpeg */,
				74F5AC5F1A53ADDA00519C58 /* 11.jpeg */,
				74F5AC791A53B2FA00519C58 /* 34.jpeg */,
				74F5AC7A1A53B2FA00519C58 /* 33.jpeg */,
				74F5AC7B1A53B2FA00519C58 /* 32.jpeg */,
				74F5AC7C1A53B2FA00519C58 /* 31.jpeg */,
				74F5AC7D1A53B2FA00519C58 /* 30.jpeg */,
				74F5AC7E1A53B2FA00519C58 /* 29.jpeg */,
				74F5AC7F1A53B2FA00519C58 /* 28.jpeg */,
				74F5AC801A53B2FA00519C58 /* 27.jpeg */,
				74F5AC811A53B2FA00519C58 /* 26.jpeg */,
				74F5AC821A53B2FA00519C58 /* 25.jpeg */,
				74F5ACA61A53B8D100519C58 /* music.mp3 */,
				74F5AC831A53B2FA00519C58 /* 24.jpeg */,
				74F5AC841A53B2FA00519C58 /* 23.jpeg */,
				74F5AC851A53B2FA00519C58 /* 22.jpeg */,
				74F5AC861A53B2FA00519C58 /* 21.jpeg */,
				74F5AC871A53B2FA00519C58 /* 20.jpeg */,
				74F5AC881A53B2FA00519C58 /* 19.jpeg */,
				74F5AC891A53B2FA00519C58 /* 18.jpeg */,
				74F5AC8A1A53B2FA00519C58 /* 17.jpeg */,
				74F5AC8B1A53B2FA00519C58 /* 16.jpeg */,
				74F5AC8C1A53B2FA00519C58 /* 15.jpeg */,
				74F5AC8D1A53B2FA00519C58 /* 14.jpeg */,
				74F5AC8E1A53B2FA00519C58 /* 13.jpeg */,
				74F5AC601A53ADDA00519C58 /* 10.jpeg */,
				74F5AC611A53ADDA00519C58 /* 8.jpeg */,
				74F5AC621A53ADDA00519C58 /* omedeto.jpeg */,
				74F5AC631A53ADDA00519C58 /* 7.jpeg */,
				74F5AC641A53ADDA00519C58 /* 6.jpeg */,
				74F5AC651A53ADDA00519C58 /* 5.jpeg */,
				74F5AC661A53ADDA00519C58 /* 4.jpeg */,
				74F5AC671A53ADDA00519C58 /* 3.jpeg */,
				74F5AC681A53ADDA00519C58 /* 2.jpeg */,
				74F5AC691A53ADDA00519C58 /* 1.jpeg */,
				7408E75A1A528BFD00883419 /* Info.plist */,
			);
			name = "Supporting Files";
			sourceTree = "<group>";
		};
		7408E76E1A528BFD00883419 /* countTests */ = {
			isa = PBXGroup;
			children = (
				7408E7711A528BFD00883419 /* countTests.swift */,
				7408E76F1A528BFD00883419 /* Supporting Files */,
			);
			path = countTests;
			sourceTree = "<group>";
		};
		7408E76F1A528BFD00883419 /* Supporting Files */ = {
			isa = PBXGroup;
			children = (
				7408E7701A528BFD00883419 /* Info.plist */,
			);
			name = "Supporting Files";
			sourceTree = "<group>";
		};
/* End PBXGroup section */

/* Begin PBXNativeTarget section */
		7408E7551A528BFD00883419 /* count */ = {
			isa = PBXNativeTarget;
			buildConfigurationList = 7408E7751A528BFD00883419 /* Build configuration list for PBXNativeTarget "count" */;
			buildPhases = (
				7408E7521A528BFD00883419 /* Sources */,
				7408E7531A528BFD00883419 /* Frameworks */,
				7408E7541A528BFD00883419 /* Resources */,
			);
			buildRules = (
			);
			dependencies = (
			);
			name = count;
			productName = count;
			productReference = 7408E7561A528BFD00883419 /* count.app */;
			productType = "com.apple.product-type.application";
		};
		7408E76A1A528BFD00883419 /* countTests */ = {
			isa = PBXNativeTarget;
			buildConfigurationList = 7408E7781A528BFD00883419 /* Build configuration list for PBXNativeTarget "countTests" */;
			buildPhases = (
				7408E7671A528BFD00883419 /* Sources */,
				7408E7681A528BFD00883419 /* Frameworks */,
				7408E7691A528BFD00883419 /* Resources */,
			);
			buildRules = (
			);
			dependencies = (
				7408E76D1A528BFD00883419 /* PBXTargetDependency */,
			);
			name = countTests;
			productName = countTests;
			productReference = 7408E76B1A528BFD00883419 /* countTests.xctest */;
			productType = "com.apple.product-type.bundle.unit-test";
		};
/* End PBXNativeTarget section */

/* Begin PBXProject section */
		7408E74E1A528BFD00883419 /* Project object */ = {
			isa = PBXProject;
			attributes = {
				LastUpgradeCheck = 0610;
				ORGANIZATIONNAME = yokoyama.tatsuya;
				TargetAttributes = {
					7408E7551A528BFD00883419 = {
						CreatedOnToolsVersion = 6.1.1;
					};
					7408E76A1A528BFD00883419 = {
						CreatedOnToolsVersion = 6.1.1;
						TestTargetID = 7408E7551A528BFD00883419;
					};
				};
			};
			buildConfigurationList = 7408E7511A528BFD00883419 /* Build configuration list for PBXProject "count" */;
			compatibilityVersion = "Xcode 3.2";
			developmentRegion = English;
			hasScannedForEncodings = 0;
			knownRegions = (
				en,
				Base,
			);
			mainGroup = 7408E74D1A528BFD00883419;
			productRefGroup = 7408E7571A528BFD00883419 /* Products */;
			projectDirPath = "";
			projectRoot = "";
			targets = (
				7408E7551A528BFD00883419 /* count */,
				7408E76A1A528BFD00883419 /* countTests */,
			);
		};
/* End PBXProject section */

/* Begin PBXResourcesBuildPhase section */
		7408E7541A528BFD00883419 /* Resources */ = {
			isa = PBXResourcesBuildPhase;
			buildActionMask = 2147483647;
			files = (
				74F5AC741A53ADDA00519C58 /* 3.jpeg in Resources */,
				74F5AC721A53ADDA00519C58 /* 5.jpeg in Resources */,
				74F5ACA01A53B2FA00519C58 /* 17.jpeg in Resources */,
				74F5AC711A53ADDA00519C58 /* 6.jpeg in Resources */,
				74F5AC9B1A53B2FA00519C58 /* 22.jpeg in Resources */,
				74F5AC921A53B2FA00519C58 /* 31.jpeg in Resources */,
				7408E7611A528BFD00883419 /* Main.storyboard in Resources */,
				74F5AC911A53B2FA00519C58 /* 32.jpeg in Resources */,
				74F5ACA91A5411E500519C58 /* toshikoshi.jpeg in Resources */,
				7408E7661A528BFD00883419 /* LaunchScreen.xib in Resources */,
				74F5ACA41A53B2FA00519C58 /* 13.jpeg in Resources */,
				74F5AC731A53ADDA00519C58 /* 4.jpeg in Resources */,
				74F5AC8F1A53B2FA00519C58 /* 34.jpeg in Resources */,
				74F5AC971A53B2FA00519C58 /* 26.jpeg in Resources */,
				74F5AC761A53ADDA00519C58 /* 1.jpeg in Resources */,
				74F5AC6A1A53ADDA00519C58 /* 12.jpeg in Resources */,
				74F5AC6B1A53ADDA00519C58 /* 9.jpeg in Resources */,
				74F5AC991A53B2FA00519C58 /* 24.jpeg in Resources */,
				74F5AC9E1A53B2FA00519C58 /* 19.jpeg in Resources */,
				74F5AC6D1A53ADDA00519C58 /* 10.jpeg in Resources */,
				74F5AC9C1A53B2FA00519C58 /* 21.jpeg in Resources */,
				74F5AC901A53B2FA00519C58 /* 33.jpeg in Resources */,
				74F5AC701A53ADDA00519C58 /* 7.jpeg in Resources */,
				74F5AC6F1A53ADDA00519C58 /* omedeto.jpeg in Resources */,
				74F5AC6E1A53ADDA00519C58 /* 8.jpeg in Resources */,
				74F5AC981A53B2FA00519C58 /* 25.jpeg in Resources */,
				74F5ACAB1A5412B300519C58 /* soba.jpeg in Resources */,
				74F5ACA21A53B2FA00519C58 /* 15.jpeg in Resources */,
				74F5AC9A1A53B2FA00519C58 /* 23.jpeg in Resources */,
				74F5AC941A53B2FA00519C58 /* 29.jpeg in Resources */,
				74F5AC961A53B2FA00519C58 /* 27.jpeg in Resources */,
				74F5AC751A53ADDA00519C58 /* 2.jpeg in Resources */,
				74F5AC931A53B2FA00519C58 /* 30.jpeg in Resources */,
				74F5ACA31A53B2FA00519C58 /* 14.jpeg in Resources */,
				74F5AC9F1A53B2FA00519C58 /* 18.jpeg in Resources */,
				74F5ACA11A53B2FA00519C58 /* 16.jpeg in Resources */,
				74F5AC6C1A53ADDA00519C58 /* 11.jpeg in Resources */,
				74F5ACA71A53B8D100519C58 /* music.mp3 in Resources */,
				74F5AC951A53B2FA00519C58 /* 28.jpeg in Resources */,
				74F5AC9D1A53B2FA00519C58 /* 20.jpeg in Resources */,
				7408E7631A528BFD00883419 /* Images.xcassets in Resources */,
			);
			runOnlyForDeploymentPostprocessing = 0;
		};
		7408E7691A528BFD00883419 /* Resources */ = {
			isa = PBXResourcesBuildPhase;
			buildActionMask = 2147483647;
			files = (
			);
			runOnlyForDeploymentPostprocessing = 0;
		};
/* End PBXResourcesBuildPhase section */

/* Begin PBXSourcesBuildPhase section */
		7408E7521A528BFD00883419 /* Sources */ = {
			isa = PBXSourcesBuildPhase;
			buildActionMask = 2147483647;
			files = (
				7408E75E1A528BFD00883419 /* ViewController.swift in Sources */,
				74F5AC781A53AE3700519C58 /* NextViewController.swift in Sources */,
				7408E75C1A528BFD00883419 /* AppDelegate.swift in Sources */,
			);
			runOnlyForDeploymentPostprocessing = 0;
		};
		7408E7671A528BFD00883419 /* Sources */ = {
			isa = PBXSourcesBuildPhase;
			buildActionMask = 2147483647;
			files = (
				7408E7721A528BFD00883419 /* countTests.swift in Sources */,
			);
			runOnlyForDeploymentPostprocessing = 0;
		};
/* End PBXSourcesBuildPhase section */

/* Begin PBXTargetDependency section */
		7408E76D1A528BFD00883419 /* PBXTargetDependency */ = {
			isa = PBXTargetDependency;
			target = 7408E7551A528BFD00883419 /* count */;
			targetProxy = 7408E76C1A528BFD00883419 /* PBXContainerItemProxy */;
		};
/* End PBXTargetDependency section */

/* Begin PBXVariantGroup section */
		7408E75F1A528BFD00883419 /* Main.storyboard */ = {
			isa = PBXVariantGroup;
			children = (
				7408E7601A528BFD00883419 /* Base */,
			);
			name = Main.storyboard;
			sourceTree = "<group>";
		};
		7408E7641A528BFD00883419 /* LaunchScreen.xib */ = {
			isa = PBXVariantGroup;
			children = (
				7408E7651A528BFD00883419 /* Base */,
			);
			name = LaunchScreen.xib;
			sourceTree = "<group>";
		};
/* End PBXVariantGroup section */

/* Begin XCBuildConfiguration section */
		7408E7731A528BFD00883419 /* Debug */ = {
			isa = XCBuildConfiguration;
			buildSettings = {
				ALWAYS_SEARCH_USER_PATHS = NO;
				CLANG_CXX_LANGUAGE_STANDARD = "gnu++0x";
				CLANG_CXX_LIBRARY = "libc++";
				CLANG_ENABLE_MODULES = YES;
				CLANG_ENABLE_OBJC_ARC = YES;
				CLANG_WARN_BOOL_CONVERSION = YES;
				CLANG_WARN_CONSTANT_CONVERSION = YES;
				CLANG_WARN_DIRECT_OBJC_ISA_USAGE = YES_ERROR;
				CLANG_WARN_EMPTY_BODY = YES;
				CLANG_WARN_ENUM_CONVERSION = YES;
				CLANG_WARN_INT_CONVERSION = YES;
				CLANG_WARN_OBJC_ROOT_CLASS = YES_ERROR;
				CLANG_WARN_UNREACHABLE_CODE = YES;
				CLANG_WARN__DUPLICATE_METHOD_MATCH = YES;
				"CODE_SIGN_IDENTITY[sdk=iphoneos*]" = "iPhone Developer";
				COPY_PHASE_STRIP = NO;
				ENABLE_STRICT_OBJC_MSGSEND = YES;
				GCC_C_LANGUAGE_STANDARD = gnu99;
				GCC_DYNAMIC_NO_PIC = NO;
				GCC_OPTIMIZATION_LEVEL = 0;
				GCC_PREPROCESSOR_DEFINITIONS = (
					"DEBUG=1",
					"$(inherited)",
				);
				GCC_SYMBOLS_PRIVATE_EXTERN = NO;
				GCC_WARN_64_TO_32_BIT_CONVERSION = YES;
				GCC_WARN_ABOUT_RETURN_TYPE = YES_ERROR;
				GCC_WARN_UNDECLARED_SELECTOR = YES;
				GCC_WARN_UNINITIALIZED_AUTOS = YES_AGGRESSIVE;
				GCC_WARN_UNUSED_FUNCTION = YES;
				GCC_WARN_UNUSED_VARIABLE = YES;
				IPHONEOS_DEPLOYMENT_TARGET = 8.1;
				MTL_ENABLE_DEBUG_INFO = YES;
				ONLY_ACTIVE_ARCH = YES;
				SDKROOT = iphoneos;
				SWIFT_OPTIMIZATION_LEVEL = "-Onone";
			};
			name = Debug;
		};
		7408E7741A528BFD00883419 /* Release */ = {
			isa = XCBuildConfiguration;
			buildSettings = {
				ALWAYS_SEARCH_USER_PATHS = NO;
				CLANG_CXX_LANGUAGE_STANDARD = "gnu++0x";
				CLANG_CXX_LIBRARY = "libc++";
				CLANG_ENABLE_MODULES = YES;
				CLANG_ENABLE_OBJC_ARC = YES;
				CLANG_WARN_BOOL_CONVERSION = YES;
				CLANG_WARN_CONSTANT_CONVERSION = YES;
				CLANG_WARN_DIRECT_OBJC_ISA_USAGE = YES_ERROR;
				CLANG_WARN_EMPTY_BODY = YES;
				CLANG_WARN_ENUM_CONVERSION = YES;
				CLANG_WARN_INT_CONVERSION = YES;
				CLANG_WARN_OBJC_ROOT_CLASS = YES_ERROR;
				CLANG_WARN_UNREACHABLE_CODE = YES;
				CLANG_WARN__DUPLICATE_METHOD_MATCH = YES;
				"CODE_SIGN_IDENTITY[sdk=iphoneos*]" = "iPhone Developer";
				COPY_PHASE_STRIP = YES;
				ENABLE_NS_ASSERTIONS = NO;
				ENABLE_STRICT_OBJC_MSGSEND = YES;
				GCC_C_LANGUAGE_STANDARD = gnu99;
				GCC_WARN_64_TO_32_BIT_CONVERSION = YES;
				GCC_WARN_ABOUT_RETURN_TYPE = YES_ERROR;
				GCC_WARN_UNDECLARED_SELECTOR = YES;
				GCC_WARN_UNINITIALIZED_AUTOS = YES_AGGRESSIVE;
				GCC_WARN_UNUSED_FUNCTION = YES;
				GCC_WARN_UNUSED_VARIABLE = YES;
				IPHONEOS_DEPLOYMENT_TARGET = 8.1;
				MTL_ENABLE_DEBUG_INFO = NO;
				SDKROOT = iphoneos;
				VALIDATE_PRODUCT = YES;
			};
			name = Release;
		};
		7408E7761A528BFD00883419 /* Debug */ = {
			isa = XCBuildConfiguration;
			buildSettings = {
				ASSETCATALOG_COMPILER_APPICON_NAME = AppIcon;
				INFOPLIST_FILE = count/Info.plist;
				LD_RUNPATH_SEARCH_PATHS = "$(inherited) @executable_path/Frameworks";
				PRODUCT_NAME = "$(TARGET_NAME)";
			};
			name = Debug;
		};
		7408E7771A528BFD00883419 /* Release */ = {
			isa = XCBuildConfiguration;
			buildSettings = {
				ASSETCATALOG_COMPILER_APPICON_NAME = AppIcon;
				INFOPLIST_FILE = count/Info.plist;
				LD_RUNPATH_SEARCH_PATHS = "$(inherited) @executable_path/Frameworks";
				PRODUCT_NAME = "$(TARGET_NAME)";
			};
			name = Release;
		};
		7408E7791A528BFD00883419 /* Debug */ = {
			isa = XCBuildConfiguration;
			buildSettings = {
				BUNDLE_LOADER = "$(TEST_HOST)";
				FRAMEWORK_SEARCH_PATHS = (
					"$(SDKROOT)/Developer/Library/Frameworks",
					"$(inherited)",
				);
				GCC_PREPROCESSOR_DEFINITIONS = (
					"DEBUG=1",
					"$(inherited)",
				);
				INFOPLIST_FILE = countTests/Info.plist;
				LD_RUNPATH_SEARCH_PATHS = "$(inherited) @executable_path/Frameworks @loader_path/Frameworks";
				PRODUCT_NAME = "$(TARGET_NAME)";
				TEST_HOST = "$(BUILT_PRODUCTS_DIR)/count.app/count";
			};
			name = Debug;
		};
		7408E77A1A528BFD00883419 /* Release */ = {
			isa = XCBuildConfiguration;
			buildSettings = {
				BUNDLE_LOADER = "$(TEST_HOST)";
				FRAMEWORK_SEARCH_PATHS = (
					"$(SDKROOT)/Developer/Library/Frameworks",
					"$(inherited)",
				);
				INFOPLIST_FILE = countTests/Info.plist;
				LD_RUNPATH_SEARCH_PATHS = "$(inherited) @executable_path/Frameworks @loader_path/Frameworks";
				PRODUCT_NAME = "$(TARGET_NAME)";
				TEST_HOST = "$(BUILT_PRODUCTS_DIR)/count.app/count";
			};
			name = Release;
		};
/* End XCBuildConfiguration section */

/* Begin XCConfigurationList section */
		7408E7511A528BFD00883419 /* Build configuration list for PBXProject "count" */ = {
			isa = XCConfigurationList;
			buildConfigurations = (
				7408E7731A528BFD00883419 /* Debug */,
				7408E7741A528BFD00883419 /* Release */,
			);
			defaultConfigurationIsVisible = 0;
			defaultConfigurationName = Release;
		};
		7408E7751A528BFD00883419 /* Build configuration list for PBXNativeTarget "count" */ = {
			isa = XCConfigurationList;
			buildConfigurations = (
				7408E7761A528BFD00883419 /* Debug */,
				7408E7771A528BFD00883419 /* Release */,
			);
			defaultConfigurationIsVisible = 0;
			defaultConfigurationName = Release;
		};
		7408E7781A528BFD00883419 /* Build configuration list for PBXNativeTarget "countTests" */ = {
			isa = XCConfigurationList;
			buildConfigurations = (
				7408E7791A528BFD00883419 /* Debug */,
				7408E77A1A528BFD00883419 /* Release */,
			);
			defaultConfigurationIsVisible = 0;
			defaultConfigurationName = Release;
		};
/* End XCConfigurationList section */
	};
	rootObject = 7408E74E1A528BFD00883419 /* Project object */;
}
